
Microsoft Visual Studio Solution File, Format Version 12.00
# Visual Studio Version 17
VisualStudioVersion = 17.0.31903.59
MinimumVisualStudioVersion = 10.0.40219.1
Project("{9A19103F-16F7-4668-BE54-9A1E7A4F7556}") = "WebAPI", "WebAPI\WebAPI.csproj", "{B4D6C062-2BF8-4588-9AE6-3A0FD3AB1A93}"
EndProject
Project("{9A19103F-16F7-4668-BE54-9A1E7A4F7556}") = "DtoClassGen", "DtoClassGen\DtoClassGen.csproj", "{059658C0-E534-439B-A8D1-B27E41BB5823}"
EndProject
Global
	GlobalSection(SolutionConfigurationPlatforms) = preSolution
		Debug|Any CPU = Debug|Any CPU
		Release|Any CPU = Release|Any CPU
	EndGlobalSection
	GlobalSection(ProjectConfigurationPlatforms) = postSolution
		{B4D6C062-2BF8-4588-9AE6-3A0FD3AB1A93}.Debug|Any CPU.ActiveCfg = Debug|Any CPU
		{B4D6C062-2BF8-4588-9AE6-3A0FD3AB1A93}.Debug|Any CPU.Build.0 = Debug|Any CPU
		{B4D6C062-2BF8-4588-9AE6-3A0FD3AB1A93}.Release|Any CPU.ActiveCfg = Release|Any CPU
		{B4D6C062-2BF8-4588-9AE6-3A0FD3AB1A93}.Release|Any CPU.Build.0 = Release|Any CPU
		{059658C0-E534-439B-A8D1-B27E41BB5823}.Debug|Any CPU.ActiveCfg = Debug|Any CPU
		{059658C0-E534-439B-A8D1-B27E41BB5823}.Debug|Any CPU.Build.0 = Debug|Any CPU
		{059658C0-E534-439B-A8D1-B27E41BB5823}.Release|Any CPU.ActiveCfg = Release|Any CPU
		{059658C0-E534-439B-A8D1-B27E41BB5823}.Release|Any CPU.Build.0 = Release|Any CPU
	EndGlobalSection
	GlobalSection(SolutionProperties) = preSolution
		HideSolutionNode = FALSE
	EndGlobalSection
	GlobalSection(ExtensibilityGlobals) = postSolution
		SolutionGuid = {C4972B57-E2E9-4A2A-A7F8-F6CC7FCC7153}
	EndGlobalSection
EndGlobal
